
Microsoft Visual Studio Solution File, Format Version 12.00
# Visual Studio Version 17
VisualStudioVersion = 17.11.35312.102
MinimumVisualStudioVersion = 10.0.40219.1
Project("{8BC9CEB8-8B4A-11D0-8D11-00A0C91BC942}") = "CrashTest", "CrashTest\CrashTest.vcxproj", "{B33606F7-EC95-4141-99FE-53DD32CDFD15}"
EndProject
Project("{8BC9CEB8-8B4A-11D0-8D11-00A0C91BC942}") = "Payload", "Payload\Payload.vcxproj", "{68823529-9387-4715-B901-83BA0CAD41C0}"
EndProject
Project("{8BC9CEB8-8B4A-11D0-8D11-00A0C91BC942}") = "Injector", "Injector\Injector.vcxproj", "{CD79FE6A-7986-440F-97D8-82E5E982642A}"
EndProject
Global
	GlobalSection(SolutionConfigurationPlatforms) = preSolution
		Debug|x64 = Debug|x64
		Debug|x86 = Debug|x86
		Release|x64 = Release|x64
		Release|x86 = Release|x86
	EndGlobalSection
	GlobalSection(ProjectConfigurationPlatforms) = postSolution
		{B33606F7-EC95-4141-99FE-53DD32CDFD15}.Debug|x64.ActiveCfg = Debug|x64
		{B33606F7-EC95-4141-99FE-53DD32CDFD15}.Debug|x64.Build.0 = Debug|x64
		{B33606F7-EC95-4141-99FE-53DD32CDFD15}.Debug|x86.ActiveCfg = Debug|Win32
		{B33606F7-EC95-4141-99FE-53DD32CDFD15}.Debug|x86.Build.0 = Debug|Win32
		{B33606F7-EC95-4141-99FE-53DD32CDFD15}.Release|x64.ActiveCfg = Release|x64
		{B33606F7-EC95-4141-99FE-53DD32CDFD15}.Release|x64.Build.0 = Release|x64
		{B33606F7-EC95-4141-99FE-53DD32CDFD15}.Release|x86.ActiveCfg = Release|Win32
		{B33606F7-EC95-4141-99FE-53DD32CDFD15}.Release|x86.Build.0 = Release|Win32
		{68823529-9387-4715-B901-83BA0CAD41C0}.Debug|x64.ActiveCfg = Debug|x64
		{68823529-9387-4715-B901-83BA0CAD41C0}.Debug|x64.Build.0 = Debug|x64
		{68823529-9387-4715-B901-83BA0CAD41C0}.Debug|x86.ActiveCfg = Debug|Win32
		{68823529-9387-4715-B901-83BA0CAD41C0}.Debug|x86.Build.0 = Debug|Win32
		{68823529-9387-4715-B901-83BA0CAD41C0}.Release|x64.ActiveCfg = Release|x64
		{68823529-9387-4715-B901-83BA0CAD41C0}.Release|x64.Build.0 = Release|x64
		{68823529-9387-4715-B901-83BA0CAD41C0}.Release|x86.ActiveCfg = Release|Win32
		{68823529-9387-4715-B901-83BA0CAD41C0}.Release|x86.Build.0 = Release|Win32
		{CD79FE6A-7986-440F-97D8-82E5E982642A}.Debug|x64.ActiveCfg = Debug|x64
		{CD79FE6A-7986-440F-97D8-82E5E982642A}.Debug|x64.Build.0 = Debug|x64
		{CD79FE6A-7986-440F-97D8-82E5E982642A}.Debug|x86.ActiveCfg = Debug|Win32
		{CD79FE6A-7986-440F-97D8-82E5E982642A}.Debug|x86.Build.0 = Debug|Win32
		{CD79FE6A-7986-440F-97D8-82E5E982642A}.Release|x64.ActiveCfg = Release|x64
		{CD79FE6A-7986-440F-97D8-82E5E982642A}.Release|x64.Build.0 = Release|x64
		{CD79FE6A-7986-440F-97D8-82E5E982642A}.Release|x86.ActiveCfg = Release|Win32
		{CD79FE6A-7986-440F-97D8-82E5E982642A}.Release|x86.Build.0 = Release|Win32
	EndGlobalSection
	GlobalSection(SolutionProperties) = preSolution
		HideSolutionNode = FALSE
	EndGlobalSection
	GlobalSection(ExtensibilityGlobals) = postSolution
		SolutionGuid = {E57D3661-8667-4E83-A705-73284E8128B3}
	EndGlobalSection
EndGlobal
